
Microsoft Visual Studio Solution File, Format Version 12.00
# Visual Studio Version 17
VisualStudioVersion = 17.13.35931.197 d17.13
MinimumVisualStudioVersion = 10.0.40219.1
Project("{FAE04EC0-301F-11D3-BF4B-00C04F79EFBC}") = "Exercicio_com_metodos", "Exercicio_com_metodos\Exercicio_com_metodos.csproj", "{04D6C3D0-25D6-4C9D-816B-576831238B7D}"
EndProject
Global
	GlobalSection(SolutionConfigurationPlatforms) = preSolution
		Debug|Any CPU = Debug|Any CPU
		Release|Any CPU = Release|Any CPU
	EndGlobalSection
	GlobalSection(ProjectConfigurationPlatforms) = postSolution
		{04D6C3D0-25D6-4C9D-816B-576831238B7D}.Debug|Any CPU.ActiveCfg = Debug|Any CPU
		{04D6C3D0-25D6-4C9D-816B-576831238B7D}.Debug|Any CPU.Build.0 = Debug|Any CPU
		{04D6C3D0-25D6-4C9D-816B-576831238B7D}.Release|Any CPU.ActiveCfg = Release|Any CPU
		{04D6C3D0-25D6-4C9D-816B-576831238B7D}.Release|Any CPU.Build.0 = Release|Any CPU
	EndGlobalSection
	GlobalSection(SolutionProperties) = preSolution
		HideSolutionNode = FALSE
	EndGlobalSection
	GlobalSection(ExtensibilityGlobals) = postSolution
		SolutionGuid = {E797BF98-B89C-43A9-A92F-A892C3EAEE51}
	EndGlobalSection
EndGlobal
