
Microsoft Visual Studio Solution File, Format Version 12.00
# Visual Studio Version 17
VisualStudioVersion = 17.13.35931.197 d17.13
MinimumVisualStudioVersion = 10.0.40219.1
Project("{FAE04EC0-301F-11D3-BF4B-00C04F79EFBC}") = "Operdadores _corporativos", "Operdadores _corporativos\Operdadores _corporativos.csproj", "{C51B2666-6400-4F9A-9486-A9CF39CCF766}"
EndProject
Global
	GlobalSection(SolutionConfigurationPlatforms) = preSolution
		Debug|Any CPU = Debug|Any CPU
		Release|Any CPU = Release|Any CPU
	EndGlobalSection
	GlobalSection(ProjectConfigurationPlatforms) = postSolution
		{C51B2666-6400-4F9A-9486-A9CF39CCF766}.Debug|Any CPU.ActiveCfg = Debug|Any CPU
		{C51B2666-6400-4F9A-9486-A9CF39CCF766}.Debug|Any CPU.Build.0 = Debug|Any CPU
		{C51B2666-6400-4F9A-9486-A9CF39CCF766}.Release|Any CPU.ActiveCfg = Release|Any CPU
		{C51B2666-6400-4F9A-9486-A9CF39CCF766}.Release|Any CPU.Build.0 = Release|Any CPU
	EndGlobalSection
	GlobalSection(SolutionProperties) = preSolution
		HideSolutionNode = FALSE
	EndGlobalSection
	GlobalSection(ExtensibilityGlobals) = postSolution
		SolutionGuid = {309F33F7-B8FA-49F8-916B-5D24E9EF8DC4}
	EndGlobalSection
EndGlobal
