
Microsoft Visual Studio Solution File, Format Version 12.00
# Visual Studio Version 17
VisualStudioVersion = 17.13.35931.197 d17.13
MinimumVisualStudioVersion = 10.0.40219.1
Project("{FAE04EC0-301F-11D3-BF4B-00C04F79EFBC}") = "Exercicio_for", "Exercicio_for\Exercicio_for.csproj", "{C1B1757A-2AA1-40FE-8712-12A9197968F3}"
EndProject
Global
	GlobalSection(SolutionConfigurationPlatforms) = preSolution
		Debug|Any CPU = Debug|Any CPU
		Release|Any CPU = Release|Any CPU
	EndGlobalSection
	GlobalSection(ProjectConfigurationPlatforms) = postSolution
		{C1B1757A-2AA1-40FE-8712-12A9197968F3}.Debug|Any CPU.ActiveCfg = Debug|Any CPU
		{C1B1757A-2AA1-40FE-8712-12A9197968F3}.Debug|Any CPU.Build.0 = Debug|Any CPU
		{C1B1757A-2AA1-40FE-8712-12A9197968F3}.Release|Any CPU.ActiveCfg = Release|Any CPU
		{C1B1757A-2AA1-40FE-8712-12A9197968F3}.Release|Any CPU.Build.0 = Release|Any CPU
	EndGlobalSection
	GlobalSection(SolutionProperties) = preSolution
		HideSolutionNode = FALSE
	EndGlobalSection
	GlobalSection(ExtensibilityGlobals) = postSolution
		SolutionGuid = {3E415461-6457-4090-ABAD-408223EA9F5E}
	EndGlobalSection
EndGlobal
