
Microsoft Visual Studio Solution File, Format Version 12.00
# Visual Studio Version 17
VisualStudioVersion = 17.13.35931.197 d17.13
MinimumVisualStudioVersion = 10.0.40219.1
Project("{FAE04EC0-301F-11D3-BF4B-00C04F79EFBC}") = "Course_saida_de_dados", "Course_saida_de_dados\Course_saida_de_dados.csproj", "{1997EF4C-4A99-4E19-B20E-953EF3D20A87}"
EndProject
Global
	GlobalSection(SolutionConfigurationPlatforms) = preSolution
		Debug|Any CPU = Debug|Any CPU
		Release|Any CPU = Release|Any CPU
	EndGlobalSection
	GlobalSection(ProjectConfigurationPlatforms) = postSolution
		{1997EF4C-4A99-4E19-B20E-953EF3D20A87}.Debug|Any CPU.ActiveCfg = Debug|Any CPU
		{1997EF4C-4A99-4E19-B20E-953EF3D20A87}.Debug|Any CPU.Build.0 = Debug|Any CPU
		{1997EF4C-4A99-4E19-B20E-953EF3D20A87}.Release|Any CPU.ActiveCfg = Release|Any CPU
		{1997EF4C-4A99-4E19-B20E-953EF3D20A87}.Release|Any CPU.Build.0 = Release|Any CPU
	EndGlobalSection
	GlobalSection(SolutionProperties) = preSolution
		HideSolutionNode = FALSE
	EndGlobalSection
	GlobalSection(ExtensibilityGlobals) = postSolution
		SolutionGuid = {5DC36720-DACD-4926-8D09-AFF880FB7C04}
	EndGlobalSection
EndGlobal
