
Microsoft Visual Studio Solution File, Format Version 12.00
# Visual Studio Version 17
VisualStudioVersion = 17.13.35931.197 d17.13
MinimumVisualStudioVersion = 10.0.40219.1
Project("{FAE04EC0-301F-11D3-BF4B-00C04F79EFBC}") = "Exercicio_for_", "Exercicio_for_\Exercicio_for_.csproj", "{8CC161EB-BA12-427E-833E-EE14B64719B6}"
EndProject
Global
	GlobalSection(SolutionConfigurationPlatforms) = preSolution
		Debug|Any CPU = Debug|Any CPU
		Release|Any CPU = Release|Any CPU
	EndGlobalSection
	GlobalSection(ProjectConfigurationPlatforms) = postSolution
		{8CC161EB-BA12-427E-833E-EE14B64719B6}.Debug|Any CPU.ActiveCfg = Debug|Any CPU
		{8CC161EB-BA12-427E-833E-EE14B64719B6}.Debug|Any CPU.Build.0 = Debug|Any CPU
		{8CC161EB-BA12-427E-833E-EE14B64719B6}.Release|Any CPU.ActiveCfg = Release|Any CPU
		{8CC161EB-BA12-427E-833E-EE14B64719B6}.Release|Any CPU.Build.0 = Release|Any CPU
	EndGlobalSection
	GlobalSection(SolutionProperties) = preSolution
		HideSolutionNode = FALSE
	EndGlobalSection
	GlobalSection(ExtensibilityGlobals) = postSolution
		SolutionGuid = {2262CF77-E49C-405F-A7B0-DB2B786488EF}
	EndGlobalSection
EndGlobal
