
Microsoft Visual Studio Solution File, Format Version 12.00
# Visual Studio Version 17
VisualStudioVersion = 17.14.36414.22 d17.14
MinimumVisualStudioVersion = 10.0.40219.1
Project("{FAE04EC0-301F-11D3-BF4B-00C04F79EFBC}") = "Interferência de tipos_palavra var", "Interferência de tipos_palavra var\Interferência de tipos_palavra var.csproj", "{2260D648-EF44-487B-82CA-7E3F42DC9B8C}"
EndProject
Global
	GlobalSection(SolutionConfigurationPlatforms) = preSolution
		Debug|Any CPU = Debug|Any CPU
		Release|Any CPU = Release|Any CPU
	EndGlobalSection
	GlobalSection(ProjectConfigurationPlatforms) = postSolution
		{2260D648-EF44-487B-82CA-7E3F42DC9B8C}.Debug|Any CPU.ActiveCfg = Debug|Any CPU
		{2260D648-EF44-487B-82CA-7E3F42DC9B8C}.Debug|Any CPU.Build.0 = Debug|Any CPU
		{2260D648-EF44-487B-82CA-7E3F42DC9B8C}.Release|Any CPU.ActiveCfg = Release|Any CPU
		{2260D648-EF44-487B-82CA-7E3F42DC9B8C}.Release|Any CPU.Build.0 = Release|Any CPU
	EndGlobalSection
	GlobalSection(SolutionProperties) = preSolution
		HideSolutionNode = FALSE
	EndGlobalSection
	GlobalSection(ExtensibilityGlobals) = postSolution
		SolutionGuid = {6128DD82-B857-49C7-9282-9A7389F5768D}
	EndGlobalSection
EndGlobal
